
Microsoft Visual Studio Solution File, Format Version 12.00
# Visual Studio 2012
Project("{FAE04EC0-301F-11D3-BF4B-00C04F79EFBC}") = "DatenLogger", "DatenLogger.csproj", "{7F913D7E-CD55-42D7-912D-2E30EB3ED29F}"
EndProject
Project("{FAE04EC0-301F-11D3-BF4B-00C04F79EFBC}") = "Helper", "..\..\Gemeinsam\Klassen\Helper.csproj", "{105E1C4D-F555-4C42-B09B-EAF26CD86990}"
EndProject
Global
	GlobalSection(SolutionConfigurationPlatforms) = preSolution
		Debug|Any CPU = Debug|Any CPU
		Release|Any CPU = Release|Any CPU
	EndGlobalSection
	GlobalSection(ProjectConfigurationPlatforms) = postSolution
		{7F913D7E-CD55-42D7-912D-2E30EB3ED29F}.Debug|Any CPU.ActiveCfg = Debug|Any CPU
		{7F913D7E-CD55-42D7-912D-2E30EB3ED29F}.Debug|Any CPU.Build.0 = Debug|Any CPU
		{7F913D7E-CD55-42D7-912D-2E30EB3ED29F}.Release|Any CPU.ActiveCfg = Release|Any CPU
		{7F913D7E-CD55-42D7-912D-2E30EB3ED29F}.Release|Any CPU.Build.0 = Release|Any CPU
		{105E1C4D-F555-4C42-B09B-EAF26CD86990}.Debug|Any CPU.ActiveCfg = Debug|Any CPU
		{105E1C4D-F555-4C42-B09B-EAF26CD86990}.Debug|Any CPU.Build.0 = Debug|Any CPU
		{105E1C4D-F555-4C42-B09B-EAF26CD86990}.Release|Any CPU.ActiveCfg = Release|Any CPU
		{105E1C4D-F555-4C42-B09B-EAF26CD86990}.Release|Any CPU.Build.0 = Release|Any CPU
	EndGlobalSection
	GlobalSection(SolutionProperties) = preSolution
		HideSolutionNode = FALSE
	EndGlobalSection
EndGlobal
